{
  "name": "jolt",
  "requires": true,
  "lockfileVersion": 1,
  "dependencies": {
    "pnpm": {
      "version": "5.7.0",
      "resolved": "https://registry.npmjs.org/pnpm/-/pnpm-5.7.0.tgz",
      "integrity": "sha512-5+ZKJUKhh6indenG8egpELjgAEQKO6fx5LHlepDr3zymkX6EupySjPh/E/20ue920bUbMdvC0Hi2S71S45IJ7A==",
      "dev": true
    }
  }
}
