{
  "name": "jolt",
  "requires": true,
  "lockfileVersion": 1,
  "dependencies": {
    "pnpm": {
      "version": "5.4.12",
      "resolved": "https://registry.npmjs.org/pnpm/-/pnpm-5.4.12.tgz",
      "integrity": "sha512-//Oru9g26OvTCe6bID3AJNiJ8B5SRd0vQBRH1gpoWxDh5kdPPpV4pge4B6ncWJUIl0yAVB9sSmDqDDheJP5+xQ==",
      "dev": true
    }
  }
}
