{
  "name": "jolt",
  "requires": true,
  "lockfileVersion": 1,
  "dependencies": {
    "pnpm": {
      "version": "5.5.13",
      "resolved": "https://registry.npmjs.org/pnpm/-/pnpm-5.5.13.tgz",
      "integrity": "sha512-dNKfdY4HXOyAEsCzSuFbJ5uSCoabYTavw19YiN4wYuzk3ULG+5+Wc9+eAIm1hdQhD8gBG8etNm2O3/8lYAImdw==",
      "dev": true
    }
  }
}
